Microsoft Visual Studio Solution File, Format Version 11.00
# Visual Studio 2008

Project("{52B9FD58-981E-4634-3445-2A2AED0B16E6}") = "Not_Outlast_v1.1", "Assembly-CSharp-firstpass.csproj", "{90AD5CE4-BA9B-E17B-E092-80B3A3996B4E}"
EndProject
Project("{52B9FD58-981E-4634-3445-2A2AED0B16E6}") = "Not_Outlast_v1.1", "Assembly-CSharp.csproj", "{099E268A-1D13-A3C0-A40F-73A0D3A524CF}"
EndProject
Project("{52B9FD58-981E-4634-3445-2A2AED0B16E6}") = "Not_Outlast_v1.1", "Assembly-UnityScript-firstpass.unityproj", "{D394A8ED-FB93-A4EE-9867-F6E3C159F9B5}"
EndProject
Global
	GlobalSection(SolutionConfigurationPlatforms) = preSolution
		Debug|Any CPU = Debug|Any CPU
		Release|Any CPU = Release|Any CPU
	EndGlobalSection
	GlobalSection(ProjectConfigurationPlatforms) = postSolution
		{90AD5CE4-BA9B-E17B-E092-80B3A3996B4E}.Debug|Any CPU.ActiveCfg = Debug|Any CPU
		{90AD5CE4-BA9B-E17B-E092-80B3A3996B4E}.Debug|Any CPU.Build.0 = Debug|Any CPU
		{90AD5CE4-BA9B-E17B-E092-80B3A3996B4E}.Release|Any CPU.ActiveCfg = Release|Any CPU
		{90AD5CE4-BA9B-E17B-E092-80B3A3996B4E}.Release|Any CPU.Build.0 = Release|Any CPU
		{099E268A-1D13-A3C0-A40F-73A0D3A524CF}.Debug|Any CPU.ActiveCfg = Debug|Any CPU
		{099E268A-1D13-A3C0-A40F-73A0D3A524CF}.Debug|Any CPU.Build.0 = Debug|Any CPU
		{099E268A-1D13-A3C0-A40F-73A0D3A524CF}.Release|Any CPU.ActiveCfg = Release|Any CPU
		{099E268A-1D13-A3C0-A40F-73A0D3A524CF}.Release|Any CPU.Build.0 = Release|Any CPU
		{D394A8ED-FB93-A4EE-9867-F6E3C159F9B5}.Debug|Any CPU.ActiveCfg = Debug|Any CPU
		{D394A8ED-FB93-A4EE-9867-F6E3C159F9B5}.Debug|Any CPU.Build.0 = Debug|Any CPU
		{D394A8ED-FB93-A4EE-9867-F6E3C159F9B5}.Release|Any CPU.ActiveCfg = Release|Any CPU
		{D394A8ED-FB93-A4EE-9867-F6E3C159F9B5}.Release|Any CPU.Build.0 = Release|Any CPU
	EndGlobalSection
	GlobalSection(SolutionProperties) = preSolution
		HideSolutionNode = FALSE
	EndGlobalSection
			GlobalSection(MonoDevelopProperties) = preSolution
		StartupItem = Assembly-CSharp.csproj
		Policies = $0
		$0.TextStylePolicy = $1
		$1.inheritsSet = null
		$1.scope = text/x-csharp
		$0.CSharpFormattingPolicy = $2
		$2.inheritsSet = Mono
		$2.inheritsScope = text/x-csharp
		$2.scope = text/x-csharp
		$0.TextStylePolicy = $3
		$3.FileWidth = 120
		$3.TabWidth = 4
		$3.EolMarker = Unix
		$3.inheritsSet = Mono
		$3.inheritsScope = text/plain
		$3.scope = text/plain
	EndGlobalSection

EndGlobal
